PODS:
  - AFNetworking (3.2.1):
    - AFNetworking/NSURLSession (= 3.2.1)
    - AFNetworking/Reachability (= 3.2.1)
    - AFNetworking/Security (= 3.2.1)
    - AFNetworking/Serialization (= 3.2.1)
    - AFNetworking/UIKit (= 3.2.1)
  - AFNetworking/NSURLSession (3.2.1):
    - AFNetworking/Reachability
    - AFNetworking/Security
    - AFNetworking/Serialization
  - AFNetworking/Reachability (3.2.1)
  - AFNetworking/Security (3.2.1)
  - AFNetworking/Serialization (3.2.1)
  - AFNetworking/UIKit (3.2.1):
    - AFNetworking/NSURLSession
  - IQKeyboardManager (6.1.1)
  - PPNetworkHelper (0.8.1):
    - AFNetworking (~> 3.2.0)
    - YYCache (~> 1.0.4)
  - QTEventBus (0.2.4):
    - QTEventBus/Core (= 0.2.4)
  - QTEventBus/Core (0.2.4)
  - TCBlobDownload (2.1.1)
  - YYCache (1.0.4)

DEPENDENCIES:
  - IQKeyboardManager
  - PPNetworkHelper (from `https://github.com/jkpang/PPNetworkHelper.git`)
  - QTEventBus
  - TCBlobDownload

SPEC REPOS:
  https://github.com/cocoapods/specs.git:
    - AFNetworking
    - IQKeyboardManager
    - QTEventBus
    - TCBlobDownload
    - YYCache

EXTERNAL SOURCES:
  PPNetworkHelper:
    :git: https://github.com/jkpang/PPNetworkHelper.git

CHECKOUT OPTIONS:
  PPNetworkHelper:
    :commit: 54505979e1522fed07cc0a4ecba057010b0d8c6b
    :git: https://github.com/jkpang/PPNetworkHelper.git

SPEC CHECKSUMS:
  AFNetworking: b6f891fdfaed196b46c7a83cf209e09697b94057
  IQKeyboardManager: 79c57795f5c2408d259d37b9da2ed07efcbb5225
  PPNetworkHelper: e893191a73665e9c496c2887fd5ceece9e930bb8
  QTEventBus: a71703bc36fced4efb39dac91c9aa493fcc2f6db
  TCBlobDownload: 8726f054cc00bb5f66a57bb0c99764842dfa5c9f
  YYCache: 8105b6638f5e849296c71f331ff83891a4942952

PODFILE CHECKSUM: 5f0ce04c548a772d86af4da8390ba76f3c655b99

COCOAPODS: 1.5.3
