// !$*UTF8*$!
{
	archiveVersion = 1;
	classes = {
	};
	objectVersion = 50;
	objects = {

/* Begin PBXBuildFile section */
		274B44AD221BF047004B9742 /* AppDelegate.m in Sources */ = {isa = PBXBuildFile; fileRef = 274B44AC221BF047004B9742 /* AppDelegate.m */; };
		274B44B0221BF047004B9742 /* ViewController.m in Sources */ = {isa = PBXBuildFile; fileRef = 274B44AF221BF047004B9742 /* ViewController.m */; };
		274B44B3221BF047004B9742 /* Main.storyboard in Resources */ = {isa = PBXBuildFile; fileRef = 274B44B1221BF047004B9742 /* Main.storyboard */; };
		274B44B6221BF047004B9742 /* ios_arc.xcdatamodeld in Sources */ = {isa = PBXBuildFile; fileRef = 274B44B4221BF047004B9742 /* ios_arc.xcdatamodeld */; };
		274B44B8221BF048004B9742 /* Assets.xcassets in Resources */ = {isa = PBXBuildFile; fileRef = 274B44B7221BF048004B9742 /* Assets.xcassets */; };
		274B44BB221BF048004B9742 /* LaunchScreen.storyboard in Resources */ = {isa = PBXBuildFile; fileRef = 274B44B9221BF048004B9742 /* LaunchScreen.storyboard */; };
		274B44BE221BF048004B9742 /* main.m in Sources */ = {isa = PBXBuildFile; fileRef = 274B44BD221BF048004B9742 /* main.m */; };
		2776ABF9221C09CD0074330A /* readme in Resources */ = {isa = PBXBuildFile; fileRef = 2776ABF8221C09CD0074330A /* readme */; };
		27D344D2221CE0610035384D /* GetDemoViewController.m in Sources */ = {isa = PBXBuildFile; fileRef = 27D344D1221CE0610035384D /* GetDemoViewController.m */; };
		27D344D5221CFA3D0035384D /* PostDemoViewController.m in Sources */ = {isa = PBXBuildFile; fileRef = 27D344D4221CFA3D0035384D /* PostDemoViewController.m */; };
		27D344D8221D3AAF0035384D /* DownloadDemoViewController.m in Sources */ = {isa = PBXBuildFile; fileRef = 27D344D7221D3AAF0035384D /* DownloadDemoViewController.m */; };
		27D3451E221D611D0035384D /* team.plist in Resources */ = {isa = PBXBuildFile; fileRef = 27D3451D221D611D0035384D /* team.plist */; };
		27D34521221D71000035384D /* DemoMTableViewCell.m in Sources */ = {isa = PBXBuildFile; fileRef = 27D34520221D71000035384D /* DemoMTableViewCell.m */; };
		27D34582221E390B0035384D /* Uruguay.png in Resources */ = {isa = PBXBuildFile; fileRef = 27D34562221E39090035384D /* Uruguay.png */; };
		27D34583221E390B0035384D /* Paraguay.png in Resources */ = {isa = PBXBuildFile; fileRef = 27D34563221E39090035384D /* Paraguay.png */; };
		27D34584221E390B0035384D /* NewZealand.png in Resources */ = {isa = PBXBuildFile; fileRef = 27D34564221E39090035384D /* NewZealand.png */; };
		27D34585221E390B0035384D /* Slovenia.png in Resources */ = {isa = PBXBuildFile; fileRef = 27D34565221E39090035384D /* Slovenia.png */; };
		27D34586221E390B0035384D /* Germany.png in Resources */ = {isa = PBXBuildFile; fileRef = 27D34566221E39090035384D /* Germany.png */; };
		27D34587221E390B0035384D /* Ghana.png in Resources */ = {isa = PBXBuildFile; fileRef = 27D34567221E390A0035384D /* Ghana.png */; };
		27D34588221E390B0035384D /* Italy.png in Resources */ = {isa = PBXBuildFile; fileRef = 27D34568221E390A0035384D /* Italy.png */; };
		27D34589221E390B0035384D /* Chile.png in Resources */ = {isa = PBXBuildFile; fileRef = 27D34569221E390A0035384D /* Chile.png */; };
		27D3458A221E390B0035384D /* Nigeria.png in Resources */ = {isa = PBXBuildFile; fileRef = 27D3456A221E390A0035384D /* Nigeria.png */; };
		27D3458B221E390B0035384D /* CoteDIvoire.png in Resources */ = {isa = PBXBuildFile; fileRef = 27D3456B221E390A0035384D /* CoteDIvoire.png */; };
		27D3458C221E390B0035384D /* Mexico.png in Resources */ = {isa = PBXBuildFile; fileRef = 27D3456C221E390A0035384D /* Mexico.png */; };
		27D3458D221E390B0035384D /* SouthAfrica.png in Resources */ = {isa = PBXBuildFile; fileRef = 27D3456D221E390A0035384D /* SouthAfrica.png */; };
		27D3458E221E390B0035384D /* Japan.png in Resources */ = {isa = PBXBuildFile; fileRef = 27D3456E221E390A0035384D /* Japan.png */; };
		27D3458F221E390B0035384D /* Cameroon.png in Resources */ = {isa = PBXBuildFile; fileRef = 27D3456F221E390A0035384D /* Cameroon.png */; };
		27D34590221E390B0035384D /* Slovakia.png in Resources */ = {isa = PBXBuildFile; fileRef = 27D34570221E390A0035384D /* Slovakia.png */; };
		27D34591221E390B0035384D /* Algeria.png in Resources */ = {isa = PBXBuildFile; fileRef = 27D34571221E390A0035384D /* Algeria.png */; };
		27D34592221E390B0035384D /* Australia.png in Resources */ = {isa = PBXBuildFile; fileRef = 27D34572221E390A0035384D /* Australia.png */; };
		27D34593221E390B0035384D /* Honduras.png in Resources */ = {isa = PBXBuildFile; fileRef = 27D34573221E390A0035384D /* Honduras.png */; };
		27D34594221E390B0035384D /* Brazil.png in Resources */ = {isa = PBXBuildFile; fileRef = 27D34574221E390A0035384D /* Brazil.png */; };
		27D34595221E390B0035384D /* Denmark.png in Resources */ = {isa = PBXBuildFile; fileRef = 27D34575221E390A0035384D /* Denmark.png */; };
		27D34596221E390B0035384D /* Portugal.png in Resources */ = {isa = PBXBuildFile; fileRef = 27D34576221E390A0035384D /* Portugal.png */; };
		27D34597221E390B0035384D /* Greece.png in Resources */ = {isa = PBXBuildFile; fileRef = 27D34577221E390A0035384D /* Greece.png */; };
		27D34598221E390B0035384D /* Serbia.png in Resources */ = {isa = PBXBuildFile; fileRef = 27D34578221E390A0035384D /* Serbia.png */; };
		27D34599221E390B0035384D /* Argentina.png in Resources */ = {isa = PBXBuildFile; fileRef = 27D34579221E390A0035384D /* Argentina.png */; };
		27D3459A221E390B0035384D /* SouthKorea.png in Resources */ = {isa = PBXBuildFile; fileRef = 27D3457A221E390A0035384D /* SouthKorea.png */; };
		27D3459B221E390B0035384D /* Holland.png in Resources */ = {isa = PBXBuildFile; fileRef = 27D3457B221E390A0035384D /* Holland.png */; };
		27D3459C221E390B0035384D /* England.png in Resources */ = {isa = PBXBuildFile; fileRef = 27D3457C221E390B0035384D /* England.png */; };
		27D3459D221E390B0035384D /* USA.png in Resources */ = {isa = PBXBuildFile; fileRef = 27D3457D221E390B0035384D /* USA.png */; };
		27D3459E221E390B0035384D /* Switzerland.png in Resources */ = {isa = PBXBuildFile; fileRef = 27D3457E221E390B0035384D /* Switzerland.png */; };
		27D3459F221E390B0035384D /* France.png in Resources */ = {isa = PBXBuildFile; fileRef = 27D3457F221E390B0035384D /* France.png */; };
		27D345A0221E390B0035384D /* NorthKorea.png in Resources */ = {isa = PBXBuildFile; fileRef = 27D34580221E390B0035384D /* NorthKorea.png */; };
		27D345A1221E390B0035384D /* Spain.png in Resources */ = {isa = PBXBuildFile; fileRef = 27D34581221E390B0035384D /* Spain.png */; };
		FA0B9C8FD8B4C38471B478BF /* libPods-ios_arc.a in Frameworks */ = {isa = PBXBuildFile; fileRef = 2963EE27F81EBA4F4D408D38 /* libPods-ios_arc.a */; };
/* End PBXBuildFile section */

/* Begin PBXFileReference section */
		17E32A23B9FFE58FF96B9F96 /* Pods-ios_arc.release.xcconfig */ = {isa = PBXFileReference; includeInIndex = 1; lastKnownFileType = text.xcconfig; name = "Pods-ios_arc.release.xcconfig"; path = "Pods/Target Support Files/Pods-ios_arc/Pods-ios_arc.release.xcconfig"; sourceTree = "<group>"; };
		274B44A8221BF047004B9742 /* ios_arc.app */ = {isa = PBXFileReference; explicitFileType = wrapper.application; includeInIndex = 0; path = ios_arc.app; sourceTree = BUILT_PRODUCTS_DIR; };
		274B44AB221BF047004B9742 /* AppDelegate.h */ = {isa = PBXFileReference; lastKnownFileType = sourcecode.c.h; path = AppDelegate.h; sourceTree = "<group>"; };
		274B44AC221BF047004B9742 /* AppDelegate.m */ = {isa = PBXFileReference; lastKnownFileType = sourcecode.c.objc; path = AppDelegate.m; sourceTree = "<group>"; };
		274B44AE221BF047004B9742 /* ViewController.h */ = {isa = PBXFileReference; lastKnownFileType = sourcecode.c.h; path = ViewController.h; sourceTree = "<group>"; };
		274B44AF221BF047004B9742 /* ViewController.m */ = {isa = PBXFileReference; lastKnownFileType = sourcecode.c.objc; path = ViewController.m; sourceTree = "<group>"; };
		274B44B2221BF047004B9742 /* Base */ = {isa = PBXFileReference; lastKnownFileType = file.storyboard; name = Base; path = Base.lproj/Main.storyboard; sourceTree = "<group>"; };
		274B44B5221BF047004B9742 /* ios_arc.xcdatamodel */ = {isa = PBXFileReference; lastKnownFileType = wrapper.xcdatamodel; path = ios_arc.xcdatamodel; sourceTree = "<group>"; };
		274B44B7221BF048004B9742 /* Assets.xcassets */ = {isa = PBXFileReference; lastKnownFileType = folder.assetcatalog; path = Assets.xcassets; sourceTree = "<group>"; };
		274B44BA221BF048004B9742 /* Base */ = {isa = PBXFileReference; lastKnownFileType = file.storyboard; name = Base; path = Base.lproj/LaunchScreen.storyboard; sourceTree = "<group>"; };
		274B44BC221BF048004B9742 /* Info.plist */ = {isa = PBXFileReference; lastKnownFileType = text.plist.xml; path = Info.plist; sourceTree = "<group>"; };
		274B44BD221BF048004B9742 /* main.m */ = {isa = PBXFileReference; lastKnownFileType = sourcecode.c.objc; path = main.m; sourceTree = "<group>"; };
		2776ABF8221C09CD0074330A /* readme */ = {isa = PBXFileReference; lastKnownFileType = text; path = readme; sourceTree = "<group>"; };
		27D344D0221CE0610035384D /* GetDemoViewController.h */ = {isa = PBXFileReference; lastKnownFileType = sourcecode.c.h; path = GetDemoViewController.h; sourceTree = "<group>"; };
		27D344D1221CE0610035384D /* GetDemoViewController.m */ = {isa = PBXFileReference; lastKnownFileType = sourcecode.c.objc; path = GetDemoViewController.m; sourceTree = "<group>"; };
		27D344D3221CFA3D0035384D /* PostDemoViewController.h */ = {isa = PBXFileReference; lastKnownFileType = sourcecode.c.h; path = PostDemoViewController.h; sourceTree = "<group>"; };
		27D344D4221CFA3D0035384D /* PostDemoViewController.m */ = {isa = PBXFileReference; lastKnownFileType = sourcecode.c.objc; path = PostDemoViewController.m; sourceTree = "<group>"; };
		27D344D6221D3AAF0035384D /* DownloadDemoViewController.h */ = {isa = PBXFileReference; lastKnownFileType = sourcecode.c.h; path = DownloadDemoViewController.h; sourceTree = "<group>"; };
		27D344D7221D3AAF0035384D /* DownloadDemoViewController.m */ = {isa = PBXFileReference; lastKnownFileType = sourcecode.c.objc; path = DownloadDemoViewController.m; sourceTree = "<group>"; };
		27D3451D221D611D0035384D /* team.plist */ = {isa = PBXFileReference; lastKnownFileType = text.plist.xml; path = team.plist; sourceTree = "<group>"; };
		27D3451F221D71000035384D /* DemoMTableViewCell.h */ = {isa = PBXFileReference; lastKnownFileType = sourcecode.c.h; path = DemoMTableViewCell.h; sourceTree = "<group>"; };
		27D34520221D71000035384D /* DemoMTableViewCell.m */ = {isa = PBXFileReference; lastKnownFileType = sourcecode.c.objc; path = DemoMTableViewCell.m; sourceTree = "<group>"; };
		27D34562221E39090035384D /* Uruguay.png */ = {isa = PBXFileReference; lastKnownFileType = image.png; path = Uruguay.png; sourceTree = "<group>"; };
		27D34563221E39090035384D /* Paraguay.png */ = {isa = PBXFileReference; lastKnownFileType = image.png; path = Paraguay.png; sourceTree = "<group>"; };
		27D34564221E39090035384D /* NewZealand.png */ = {isa = PBXFileReference; lastKnownFileType = image.png; path = NewZealand.png; sourceTree = "<group>"; };
		27D34565221E39090035384D /* Slovenia.png */ = {isa = PBXFileReference; lastKnownFileType = image.png; path = Slovenia.png; sourceTree = "<group>"; };
		27D34566221E39090035384D /* Germany.png */ = {isa = PBXFileReference; lastKnownFileType = image.png; path = Germany.png; sourceTree = "<group>"; };
		27D34567221E390A0035384D /* Ghana.png */ = {isa = PBXFileReference; lastKnownFileType = image.png; path = Ghana.png; sourceTree = "<group>"; };
		27D34568221E390A0035384D /* Italy.png */ = {isa = PBXFileReference; lastKnownFileType = image.png; path = Italy.png; sourceTree = "<group>"; };
		27D34569221E390A0035384D /* Chile.png */ = {isa = PBXFileReference; lastKnownFileType = image.png; path = Chile.png; sourceTree = "<group>"; };
		27D3456A221E390A0035384D /* Nigeria.png */ = {isa = PBXFileReference; lastKnownFileType = image.png; path = Nigeria.png; sourceTree = "<group>"; };
		27D3456B221E390A0035384D /* CoteDIvoire.png */ = {isa = PBXFileReference; lastKnownFileType = image.png; path = CoteDIvoire.png; sourceTree = "<group>"; };
		27D3456C221E390A0035384D /* Mexico.png */ = {isa = PBXFileReference; lastKnownFileType = image.png; path = Mexico.png; sourceTree = "<group>"; };
		27D3456D221E390A0035384D /* SouthAfrica.png */ = {isa = PBXFileReference; lastKnownFileType = image.png; path = SouthAfrica.png; sourceTree = "<group>"; };
		27D3456E221E390A0035384D /* Japan.png */ = {isa = PBXFileReference; lastKnownFileType = image.png; path = Japan.png; sourceTree = "<group>"; };
		27D3456F221E390A0035384D /* Cameroon.png */ = {isa = PBXFileReference; lastKnownFileType = image.png; path = Cameroon.png; sourceTree = "<group>"; };
		27D34570221E390A0035384D /* Slovakia.png */ = {isa = PBXFileReference; lastKnownFileType = image.png; path = Slovakia.png; sourceTree = "<group>"; };
		27D34571221E390A0035384D /* Algeria.png */ = {isa = PBXFileReference; lastKnownFileType = image.png; path = Algeria.png; sourceTree = "<group>"; };
		27D34572221E390A0035384D /* Australia.png */ = {isa = PBXFileReference; lastKnownFileType = image.png; path = Australia.png; sourceTree = "<group>"; };
		27D34573221E390A0035384D /* Honduras.png */ = {isa = PBXFileReference; lastKnownFileType = image.png; path = Honduras.png; sourceTree = "<group>"; };
		27D34574221E390A0035384D /* Brazil.png */ = {isa = PBXFileReference; lastKnownFileType = image.png; path = Brazil.png; sourceTree = "<group>"; };
		27D34575221E390A0035384D /* Denmark.png */ = {isa = PBXFileReference; lastKnownFileType = image.png; path = Denmark.png; sourceTree = "<group>"; };
		27D34576221E390A0035384D /* Portugal.png */ = {isa = PBXFileReference; lastKnownFileType = image.png; path = Portugal.png; sourceTree = "<group>"; };
		27D34577221E390A0035384D /* Greece.png */ = {isa = PBXFileReference; lastKnownFileType = image.png; path = Greece.png; sourceTree = "<group>"; };
		27D34578221E390A0035384D /* Serbia.png */ = {isa = PBXFileReference; lastKnownFileType = image.png; path = Serbia.png; sourceTree = "<group>"; };
		27D34579221E390A0035384D /* Argentina.png */ = {isa = PBXFileReference; lastKnownFileType = image.png; path = Argentina.png; sourceTree = "<group>"; };
		27D3457A221E390A0035384D /* SouthKorea.png */ = {isa = PBXFileReference; lastKnownFileType = image.png; path = SouthKorea.png; sourceTree = "<group>"; };
		27D3457B221E390A0035384D /* Holland.png */ = {isa = PBXFileReference; lastKnownFileType = image.png; path = Holland.png; sourceTree = "<group>"; };
		27D3457C221E390B0035384D /* England.png */ = {isa = PBXFileReference; lastKnownFileType = image.png; path = England.png; sourceTree = "<group>"; };
		27D3457D221E390B0035384D /* USA.png */ = {isa = PBXFileReference; lastKnownFileType = image.png; path = USA.png; sourceTree = "<group>"; };
		27D3457E221E390B0035384D /* Switzerland.png */ = {isa = PBXFileReference; lastKnownFileType = image.png; path = Switzerland.png; sourceTree = "<group>"; };
		27D3457F221E390B0035384D /* France.png */ = {isa = PBXFileReference; lastKnownFileType = image.png; path = France.png; sourceTree = "<group>"; };
		27D34580221E390B0035384D /* NorthKorea.png */ = {isa = PBXFileReference; lastKnownFileType = image.png; path = NorthKorea.png; sourceTree = "<group>"; };
		27D34581221E390B0035384D /* Spain.png */ = {isa = PBXFileReference; lastKnownFileType = image.png; path = Spain.png; sourceTree = "<group>"; };
		2963EE27F81EBA4F4D408D38 /* libPods-ios_arc.a */ = {isa = PBXFileReference; explicitFileType = archive.ar; includeInIndex = 0; path = "libPods-ios_arc.a"; sourceTree = BUILT_PRODUCTS_DIR; };
		F5C7F05416E9C2F4D9B14F3B /* Pods-ios_arc.debug.xcconfig */ = {isa = PBXFileReference; includeInIndex = 1; lastKnownFileType = text.xcconfig; name = "Pods-ios_arc.debug.xcconfig"; path = "Pods/Target Support Files/Pods-ios_arc/Pods-ios_arc.debug.xcconfig"; sourceTree = "<group>"; };
/* End PBXFileReference section */

/* Begin PBXFrameworksBuildPhase section */
		274B44A5221BF047004B9742 /* Frameworks */ = {
			isa = PBXFrameworksBuildPhase;
			buildActionMask = 2147483647;
			files = (
				FA0B9C8FD8B4C38471B478BF /* libPods-ios_arc.a in Frameworks */,
			);
			runOnlyForDeploymentPostprocessing = 0;
		};
/* End PBXFrameworksBuildPhase section */

/* Begin PBXGroup section */
		274B449F221BF047004B9742 = {
			isa = PBXGroup;
			children = (
				2776ABF8221C09CD0074330A /* readme */,
				274B44AA221BF047004B9742 /* ios_arc */,
				274B44A9221BF047004B9742 /* Products */,
				6824F46D0DEEEAB1AE7E37EF /* Pods */,
				91BEA48BFC92754A1152C355 /* Frameworks */,
			);
			sourceTree = "<group>";
		};
		274B44A9221BF047004B9742 /* Products */ = {
			isa = PBXGroup;
			children = (
				274B44A8221BF047004B9742 /* ios_arc.app */,
			);
			name = Products;
			sourceTree = "<group>";
		};
		274B44AA221BF047004B9742 /* ios_arc */ = {
			isa = PBXGroup;
			children = (
				27D3451C221D60CB0035384D /* Supporting Files */,
				27D344D9221D5EBC0035384D /* images */,
				27D344CE221CDFDA0035384D /* demo */,
				274B44AB221BF047004B9742 /* AppDelegate.h */,
				274B44AC221BF047004B9742 /* AppDelegate.m */,
				274B44AE221BF047004B9742 /* ViewController.h */,
				274B44AF221BF047004B9742 /* ViewController.m */,
				274B44B1221BF047004B9742 /* Main.storyboard */,
				274B44B7221BF048004B9742 /* Assets.xcassets */,
				274B44B9221BF048004B9742 /* LaunchScreen.storyboard */,
				274B44BD221BF048004B9742 /* main.m */,
				274B44BC221BF048004B9742 /* Info.plist */,
				274B44B4221BF047004B9742 /* ios_arc.xcdatamodeld */,
			);
			path = ios_arc;
			sourceTree = "<group>";
		};
		27D344CE221CDFDA0035384D /* demo */ = {
			isa = PBXGroup;
			children = (
				27D344CF221CE01E0035384D /* network */,
			);
			path = demo;
			sourceTree = "<group>";
		};
		27D344CF221CE01E0035384D /* network */ = {
			isa = PBXGroup;
			children = (
				27D344D0221CE0610035384D /* GetDemoViewController.h */,
				27D344D1221CE0610035384D /* GetDemoViewController.m */,
				27D344D3221CFA3D0035384D /* PostDemoViewController.h */,
				27D344D4221CFA3D0035384D /* PostDemoViewController.m */,
				27D344D6221D3AAF0035384D /* DownloadDemoViewController.h */,
				27D344D7221D3AAF0035384D /* DownloadDemoViewController.m */,
				27D3451F221D71000035384D /* DemoMTableViewCell.h */,
				27D34520221D71000035384D /* DemoMTableViewCell.m */,
			);
			path = network;
			sourceTree = "<group>";
		};
		27D344D9221D5EBC0035384D /* images */ = {
			isa = PBXGroup;
			children = (
				27D344DA221D5ED50035384D /* demo */,
			);
			path = images;
			sourceTree = "<group>";
		};
		27D344DA221D5ED50035384D /* demo */ = {
			isa = PBXGroup;
			children = (
				27D344DB221D5EE10035384D /* table_list */,
			);
			path = demo;
			sourceTree = "<group>";
		};
		27D344DB221D5EE10035384D /* table_list */ = {
			isa = PBXGroup;
			children = (
				27D34571221E390A0035384D /* Algeria.png */,
				27D34579221E390A0035384D /* Argentina.png */,
				27D34572221E390A0035384D /* Australia.png */,
				27D34574221E390A0035384D /* Brazil.png */,
				27D3456F221E390A0035384D /* Cameroon.png */,
				27D34569221E390A0035384D /* Chile.png */,
				27D3456B221E390A0035384D /* CoteDIvoire.png */,
				27D34575221E390A0035384D /* Denmark.png */,
				27D3457C221E390B0035384D /* England.png */,
				27D3457F221E390B0035384D /* France.png */,
				27D34566221E39090035384D /* Germany.png */,
				27D34567221E390A0035384D /* Ghana.png */,
				27D34577221E390A0035384D /* Greece.png */,
				27D3457B221E390A0035384D /* Holland.png */,
				27D34573221E390A0035384D /* Honduras.png */,
				27D34568221E390A0035384D /* Italy.png */,
				27D3456E221E390A0035384D /* Japan.png */,
				27D3456C221E390A0035384D /* Mexico.png */,
				27D34564221E39090035384D /* NewZealand.png */,
				27D3456A221E390A0035384D /* Nigeria.png */,
				27D34580221E390B0035384D /* NorthKorea.png */,
				27D34563221E39090035384D /* Paraguay.png */,
				27D34576221E390A0035384D /* Portugal.png */,
				27D34578221E390A0035384D /* Serbia.png */,
				27D34570221E390A0035384D /* Slovakia.png */,
				27D34565221E39090035384D /* Slovenia.png */,
				27D3456D221E390A0035384D /* SouthAfrica.png */,
				27D3457A221E390A0035384D /* SouthKorea.png */,
				27D34581221E390B0035384D /* Spain.png */,
				27D3457E221E390B0035384D /* Switzerland.png */,
				27D34562221E39090035384D /* Uruguay.png */,
				27D3457D221E390B0035384D /* USA.png */,
			);
			path = table_list;
			sourceTree = "<group>";
		};
		27D3451C221D60CB0035384D /* Supporting Files */ = {
			isa = PBXGroup;
			children = (
				27D3451D221D611D0035384D /* team.plist */,
			);
			path = "Supporting Files";
			sourceTree = "<group>";
		};
		6824F46D0DEEEAB1AE7E37EF /* Pods */ = {
			isa = PBXGroup;
			children = (
				F5C7F05416E9C2F4D9B14F3B /* Pods-ios_arc.debug.xcconfig */,
				17E32A23B9FFE58FF96B9F96 /* Pods-ios_arc.release.xcconfig */,
			);
			name = Pods;
			sourceTree = "<group>";
		};
		91BEA48BFC92754A1152C355 /* Frameworks */ = {
			isa = PBXGroup;
			children = (
				2963EE27F81EBA4F4D408D38 /* libPods-ios_arc.a */,
			);
			name = Frameworks;
			sourceTree = "<group>";
		};
/* End PBXGroup section */

/* Begin PBXNativeTarget section */
		274B44A7221BF047004B9742 /* ios_arc */ = {
			isa = PBXNativeTarget;
			buildConfigurationList = 274B44C1221BF048004B9742 /* Build configuration list for PBXNativeTarget "ios_arc" */;
			buildPhases = (
				9A8B50C9B558E14287A95406 /* [CP] Check Pods Manifest.lock */,
				274B44A4221BF047004B9742 /* Sources */,
				274B44A5221BF047004B9742 /* Frameworks */,
				274B44A6221BF047004B9742 /* Resources */,
				DA4028301F829AC0E568B0EC /* [CP] Copy Pods Resources */,
			);
			buildRules = (
			);
			dependencies = (
			);
			name = ios_arc;
			productName = ios_arc;
			productReference = 274B44A8221BF047004B9742 /* ios_arc.app */;
			productType = "com.apple.product-type.application";
		};
/* End PBXNativeTarget section */

/* Begin PBXProject section */
		274B44A0221BF047004B9742 /* Project object */ = {
			isa = PBXProject;
			attributes = {
				LastUpgradeCheck = 1010;
				ORGANIZATIONNAME = mawj;
				TargetAttributes = {
					274B44A7221BF047004B9742 = {
						CreatedOnToolsVersion = 10.1;
					};
				};
			};
			buildConfigurationList = 274B44A3221BF047004B9742 /* Build configuration list for PBXProject "ios_arc" */;
			compatibilityVersion = "Xcode 9.3";
			developmentRegion = en;
			hasScannedForEncodings = 0;
			knownRegions = (
				en,
				Base,
			);
			mainGroup = 274B449F221BF047004B9742;
			productRefGroup = 274B44A9221BF047004B9742 /* Products */;
			projectDirPath = "";
			projectRoot = "";
			targets = (
				274B44A7221BF047004B9742 /* ios_arc */,
			);
		};
/* End PBXProject section */

/* Begin PBXResourcesBuildPhase section */
		274B44A6221BF047004B9742 /* Resources */ = {
			isa = PBXResourcesBuildPhase;
			buildActionMask = 2147483647;
			files = (
				27D34593221E390B0035384D /* Honduras.png in Resources */,
				27D34587221E390B0035384D /* Ghana.png in Resources */,
				2776ABF9221C09CD0074330A /* readme in Resources */,
				27D34596221E390B0035384D /* Portugal.png in Resources */,
				27D3458D221E390B0035384D /* SouthAfrica.png in Resources */,
				27D34595221E390B0035384D /* Denmark.png in Resources */,
				27D3458C221E390B0035384D /* Mexico.png in Resources */,
				27D34597221E390B0035384D /* Greece.png in Resources */,
				27D3458E221E390B0035384D /* Japan.png in Resources */,
				27D34590221E390B0035384D /* Slovakia.png in Resources */,
				27D34592221E390B0035384D /* Australia.png in Resources */,
				27D34598221E390B0035384D /* Serbia.png in Resources */,
				27D3459A221E390B0035384D /* SouthKorea.png in Resources */,
				27D3458B221E390B0035384D /* CoteDIvoire.png in Resources */,
				27D34599221E390B0035384D /* Argentina.png in Resources */,
				27D34594221E390B0035384D /* Brazil.png in Resources */,
				27D34589221E390B0035384D /* Chile.png in Resources */,
				27D34583221E390B0035384D /* Paraguay.png in Resources */,
				27D345A0221E390B0035384D /* NorthKorea.png in Resources */,
				27D34591221E390B0035384D /* Algeria.png in Resources */,
				27D34588221E390B0035384D /* Italy.png in Resources */,
				27D34584221E390B0035384D /* NewZealand.png in Resources */,
				27D3459D221E390B0035384D /* USA.png in Resources */,
				27D3451E221D611D0035384D /* team.plist in Resources */,
				27D3458A221E390B0035384D /* Nigeria.png in Resources */,
				27D3459C221E390B0035384D /* England.png in Resources */,
				27D3459E221E390B0035384D /* Switzerland.png in Resources */,
				27D34585221E390B0035384D /* Slovenia.png in Resources */,
				27D345A1221E390B0035384D /* Spain.png in Resources */,
				274B44BB221BF048004B9742 /* LaunchScreen.storyboard in Resources */,
				274B44B8221BF048004B9742 /* Assets.xcassets in Resources */,
				27D3458F221E390B0035384D /* Cameroon.png in Resources */,
				27D34582221E390B0035384D /* Uruguay.png in Resources */,
				27D3459B221E390B0035384D /* Holland.png in Resources */,
				274B44B3221BF047004B9742 /* Main.storyboard in Resources */,
				27D34586221E390B0035384D /* Germany.png in Resources */,
				27D3459F221E390B0035384D /* France.png in Resources */,
			);
			runOnlyForDeploymentPostprocessing = 0;
		};
/* End PBXResourcesBuildPhase section */

/* Begin PBXShellScriptBuildPhase section */
		9A8B50C9B558E14287A95406 /* [CP] Check Pods Manifest.lock */ = {
			isa = PBXShellScriptBuildPhase;
			buildActionMask = 2147483647;
			files = (
			);
			inputFileListPaths = (
			);
			inputPaths = (
				"${PODS_PODFILE_DIR_PATH}/Podfile.lock",
				"${PODS_ROOT}/Manifest.lock",
			);
			name = "[CP] Check Pods Manifest.lock";
			outputFileListPaths = (
			);
			outputPaths = (
				"$(DERIVED_FILE_DIR)/Pods-ios_arc-checkManifestLockResult.txt",
			);
			runOnlyForDeploymentPostprocessing = 0;
			shellPath = /bin/sh;
			shellScript = "diff \"${PODS_PODFILE_DIR_PATH}/Podfile.lock\" \"${PODS_ROOT}/Manifest.lock\" > /dev/null\nif [ $? != 0 ] ; then\n    # print error to STDERR\n    echo \"error: The sandbox is not in sync with the Podfile.lock. Run 'pod install' or update your CocoaPods installation.\" >&2\n    exit 1\nfi\n# This output is used by Xcode 'outputs' to avoid re-running this script phase.\necho \"SUCCESS\" > \"${SCRIPT_OUTPUT_FILE_0}\"\n";
			showEnvVarsInLog = 0;
		};
		DA4028301F829AC0E568B0EC /* [CP] Copy Pods Resources */ = {
			isa = PBXShellScriptBuildPhase;
			buildActionMask = 2147483647;
			files = (
			);
			inputFileListPaths = (
			);
			inputPaths = (
				"${SRCROOT}/Pods/Target Support Files/Pods-ios_arc/Pods-ios_arc-resources.sh",
				"${PODS_ROOT}/IQKeyboardManager/IQKeyboardManager/Resources/IQKeyboardManager.bundle",
			);
			name = "[CP] Copy Pods Resources";
			outputFileListPaths = (
			);
			outputPaths = (
				"${TARGET_BUILD_DIR}/${UNLOCALIZED_RESOURCES_FOLDER_PATH}/IQKeyboardManager.bundle",
			);
			runOnlyForDeploymentPostprocessing = 0;
			shellPath = /bin/sh;
			shellScript = "\"${SRCROOT}/Pods/Target Support Files/Pods-ios_arc/Pods-ios_arc-resources.sh\"\n";
			showEnvVarsInLog = 0;
		};
/* End PBXShellScriptBuildPhase section */

/* Begin PBXSourcesBuildPhase section */
		274B44A4221BF047004B9742 /* Sources */ = {
			isa = PBXSourcesBuildPhase;
			buildActionMask = 2147483647;
			files = (
				274B44B0221BF047004B9742 /* ViewController.m in Sources */,
				27D344D5221CFA3D0035384D /* PostDemoViewController.m in Sources */,
				274B44AD221BF047004B9742 /* AppDelegate.m in Sources */,
				274B44BE221BF048004B9742 /* main.m in Sources */,
				27D34521221D71000035384D /* DemoMTableViewCell.m in Sources */,
				27D344D8221D3AAF0035384D /* DownloadDemoViewController.m in Sources */,
				27D344D2221CE0610035384D /* GetDemoViewController.m in Sources */,
				274B44B6221BF047004B9742 /* ios_arc.xcdatamodeld in Sources */,
			);
			runOnlyForDeploymentPostprocessing = 0;
		};
/* End PBXSourcesBuildPhase section */

/* Begin PBXVariantGroup section */
		274B44B1221BF047004B9742 /* Main.storyboard */ = {
			isa = PBXVariantGroup;
			children = (
				274B44B2221BF047004B9742 /* Base */,
			);
			name = Main.storyboard;
			sourceTree = "<group>";
		};
		274B44B9221BF048004B9742 /* LaunchScreen.storyboard */ = {
			isa = PBXVariantGroup;
			children = (
				274B44BA221BF048004B9742 /* Base */,
			);
			name = LaunchScreen.storyboard;
			sourceTree = "<group>";
		};
/* End PBXVariantGroup section */

/* Begin XCBuildConfiguration section */
		274B44BF221BF048004B9742 /* Debug */ = {
			isa = XCBuildConfiguration;
			buildSettings = {
				ALWAYS_SEARCH_USER_PATHS = NO;
				CLANG_ANALYZER_NONNULL = YES;
				CLANG_ANALYZER_NUMBER_OBJECT_CONVERSION = YES_AGGRESSIVE;
				CLANG_CXX_LANGUAGE_STANDARD = "gnu++14";
				CLANG_CXX_LIBRARY = "libc++";
				CLANG_ENABLE_MODULES = YES;
				CLANG_ENABLE_OBJC_ARC = YES;
				CLANG_ENABLE_OBJC_WEAK = YES;
				CLANG_WARN_BLOCK_CAPTURE_AUTORELEASING = YES;
				CLANG_WARN_BOOL_CONVERSION = YES;
				CLANG_WARN_COMMA = YES;
				CLANG_WARN_CONSTANT_CONVERSION = YES;
				CLANG_WARN_DEPRECATED_OBJC_IMPLEMENTATIONS = YES;
				CLANG_WARN_DIRECT_OBJC_ISA_USAGE = YES_ERROR;
				CLANG_WARN_DOCUMENTATION_COMMENTS = YES;
				CLANG_WARN_EMPTY_BODY = YES;
				CLANG_WARN_ENUM_CONVERSION = YES;
				CLANG_WARN_INFINITE_RECURSION = YES;
				CLANG_WARN_INT_CONVERSION = YES;
				CLANG_WARN_NON_LITERAL_NULL_CONVERSION = YES;
				CLANG_WARN_OBJC_IMPLICIT_RETAIN_SELF = YES;
				CLANG_WARN_OBJC_LITERAL_CONVERSION = YES;
				CLANG_WARN_OBJC_ROOT_CLASS = YES_ERROR;
				CLANG_WARN_RANGE_LOOP_ANALYSIS = YES;
				CLANG_WARN_STRICT_PROTOTYPES = YES;
				CLANG_WARN_SUSPICIOUS_MOVE = YES;
				CLANG_WARN_UNGUARDED_AVAILABILITY = YES_AGGRESSIVE;
				CLANG_WARN_UNREACHABLE_CODE = YES;
				CLANG_WARN__DUPLICATE_METHOD_MATCH = YES;
				CODE_SIGN_IDENTITY = "iPhone Developer";
				COPY_PHASE_STRIP = NO;
				DEBUG_INFORMATION_FORMAT = dwarf;
				ENABLE_STRICT_OBJC_MSGSEND = YES;
				ENABLE_TESTABILITY = YES;
				GCC_C_LANGUAGE_STANDARD = gnu11;
				GCC_DYNAMIC_NO_PIC = NO;
				GCC_NO_COMMON_BLOCKS = YES;
				GCC_OPTIMIZATION_LEVEL = 0;
				GCC_PREPROCESSOR_DEFINITIONS = (
					"DEBUG=1",
					"$(inherited)",
				);
				GCC_WARN_64_TO_32_BIT_CONVERSION = YES;
				GCC_WARN_ABOUT_RETURN_TYPE = YES_ERROR;
				GCC_WARN_UNDECLARED_SELECTOR = YES;
				GCC_WARN_UNINITIALIZED_AUTOS = YES_AGGRESSIVE;
				GCC_WARN_UNUSED_FUNCTION = YES;
				GCC_WARN_UNUSED_VARIABLE = YES;
				IPHONEOS_DEPLOYMENT_TARGET = 12.1;
				MTL_ENABLE_DEBUG_INFO = INCLUDE_SOURCE;
				MTL_FAST_MATH = YES;
				ONLY_ACTIVE_ARCH = YES;
				SDKROOT = iphoneos;
			};
			name = Debug;
		};
		274B44C0221BF048004B9742 /* Release */ = {
			isa = XCBuildConfiguration;
			buildSettings = {
				ALWAYS_SEARCH_USER_PATHS = NO;
				CLANG_ANALYZER_NONNULL = YES;
				CLANG_ANALYZER_NUMBER_OBJECT_CONVERSION = YES_AGGRESSIVE;
				CLANG_CXX_LANGUAGE_STANDARD = "gnu++14";
				CLANG_CXX_LIBRARY = "libc++";
				CLANG_ENABLE_MODULES = YES;
				CLANG_ENABLE_OBJC_ARC = YES;
				CLANG_ENABLE_OBJC_WEAK = YES;
				CLANG_WARN_BLOCK_CAPTURE_AUTORELEASING = YES;
				CLANG_WARN_BOOL_CONVERSION = YES;
				CLANG_WARN_COMMA = YES;
				CLANG_WARN_CONSTANT_CONVERSION = YES;
				CLANG_WARN_DEPRECATED_OBJC_IMPLEMENTATIONS = YES;
				CLANG_WARN_DIRECT_OBJC_ISA_USAGE = YES_ERROR;
				CLANG_WARN_DOCUMENTATION_COMMENTS = YES;
				CLANG_WARN_EMPTY_BODY = YES;
				CLANG_WARN_ENUM_CONVERSION = YES;
				CLANG_WARN_INFINITE_RECURSION = YES;
				CLANG_WARN_INT_CONVERSION = YES;
				CLANG_WARN_NON_LITERAL_NULL_CONVERSION = YES;
				CLANG_WARN_OBJC_IMPLICIT_RETAIN_SELF = YES;
				CLANG_WARN_OBJC_LITERAL_CONVERSION = YES;
				CLANG_WARN_OBJC_ROOT_CLASS = YES_ERROR;
				CLANG_WARN_RANGE_LOOP_ANALYSIS = YES;
				CLANG_WARN_STRICT_PROTOTYPES = YES;
				CLANG_WARN_SUSPICIOUS_MOVE = YES;
				CLANG_WARN_UNGUARDED_AVAILABILITY = YES_AGGRESSIVE;
				CLANG_WARN_UNREACHABLE_CODE = YES;
				CLANG_WARN__DUPLICATE_METHOD_MATCH = YES;
				CODE_SIGN_IDENTITY = "iPhone Developer";
				COPY_PHASE_STRIP = NO;
				DEBUG_INFORMATION_FORMAT = "dwarf-with-dsym";
				ENABLE_NS_ASSERTIONS = NO;
				ENABLE_STRICT_OBJC_MSGSEND = YES;
				GCC_C_LANGUAGE_STANDARD = gnu11;
				GCC_NO_COMMON_BLOCKS = YES;
				GCC_WARN_64_TO_32_BIT_CONVERSION = YES;
				GCC_WARN_ABOUT_RETURN_TYPE = YES_ERROR;
				GCC_WARN_UNDECLARED_SELECTOR = YES;
				GCC_WARN_UNINITIALIZED_AUTOS = YES_AGGRESSIVE;
				GCC_WARN_UNUSED_FUNCTION = YES;
				GCC_WARN_UNUSED_VARIABLE = YES;
				IPHONEOS_DEPLOYMENT_TARGET = 12.1;
				MTL_ENABLE_DEBUG_INFO = NO;
				MTL_FAST_MATH = YES;
				SDKROOT = iphoneos;
				VALIDATE_PRODUCT = YES;
			};
			name = Release;
		};
		274B44C2221BF048004B9742 /* Debug */ = {
			isa = XCBuildConfiguration;
			baseConfigurationReference = F5C7F05416E9C2F4D9B14F3B /* Pods-ios_arc.debug.xcconfig */;
			buildSettings = {
				ASSETCATALOG_COMPILER_APPICON_NAME = AppIcon;
				ASSETCATALOG_COMPILER_LAUNCHIMAGE_NAME = LaunchImage;
				CODE_SIGN_STYLE = Automatic;
				INFOPLIST_FILE = ios_arc/Info.plist;
				LD_RUNPATH_SEARCH_PATHS = (
					"$(inherited)",
					"@executable_path/Frameworks",
				);
				PRODUCT_BUNDLE_IDENTIFIER = "com.lala.milk.ios.mobile.ios-arc";
				PRODUCT_NAME = "$(TARGET_NAME)";
				TARGETED_DEVICE_FAMILY = 1;
			};
			name = Debug;
		};
		274B44C3221BF048004B9742 /* Release */ = {
			isa = XCBuildConfiguration;
			baseConfigurationReference = 17E32A23B9FFE58FF96B9F96 /* Pods-ios_arc.release.xcconfig */;
			buildSettings = {
				ASSETCATALOG_COMPILER_APPICON_NAME = AppIcon;
				ASSETCATALOG_COMPILER_LAUNCHIMAGE_NAME = LaunchImage;
				CODE_SIGN_STYLE = Automatic;
				INFOPLIST_FILE = ios_arc/Info.plist;
				LD_RUNPATH_SEARCH_PATHS = (
					"$(inherited)",
					"@executable_path/Frameworks",
				);
				PRODUCT_BUNDLE_IDENTIFIER = "com.lala.milk.ios.mobile.ios-arc";
				PRODUCT_NAME = "$(TARGET_NAME)";
				TARGETED_DEVICE_FAMILY = 1;
			};
			name = Release;
		};
/* End XCBuildConfiguration section */

/* Begin XCConfigurationList section */
		274B44A3221BF047004B9742 /* Build configuration list for PBXProject "ios_arc" */ = {
			isa = XCConfigurationList;
			buildConfigurations = (
				274B44BF221BF048004B9742 /* Debug */,
				274B44C0221BF048004B9742 /* Release */,
			);
			defaultConfigurationIsVisible = 0;
			defaultConfigurationName = Release;
		};
		274B44C1221BF048004B9742 /* Build configuration list for PBXNativeTarget "ios_arc" */ = {
			isa = XCConfigurationList;
			buildConfigurations = (
				274B44C2221BF048004B9742 /* Debug */,
				274B44C3221BF048004B9742 /* Release */,
			);
			defaultConfigurationIsVisible = 0;
			defaultConfigurationName = Release;
		};
/* End XCConfigurationList section */

/* Begin XCVersionGroup section */
		274B44B4221BF047004B9742 /* ios_arc.xcdatamodeld */ = {
			isa = XCVersionGroup;
			children = (
				274B44B5221BF047004B9742 /* ios_arc.xcdatamodel */,
			);
			currentVersion = 274B44B5221BF047004B9742 /* ios_arc.xcdatamodel */;
			path = ios_arc.xcdatamodeld;
			sourceTree = "<group>";
			versionGroupType = wrapper.xcdatamodel;
		};
/* End XCVersionGroup section */
	};
	rootObject = 274B44A0221BF047004B9742 /* Project object */;
}
